{
  "name": "renovate_tutorial",
  "version": "0.0.1",
  "lockfileVersion": 2,
  "requires": true,
  "packages": {
    "": {
      "name": "renovate_tutorial",
      "version": "0.0.1",
      "license": "Apache-2.0",
      "dependencies": {
        "@date-io/date-fns": "2.16.0",
        "@date-io/moment": "2.16.1",
        "commander": "2.20.3",
        "lodash": "4.17.21"
      }
    },
    "node_modules/@date-io/core": {
      "version": "2.16.0",
      "resolved": "https://registry.npmjs.org/@date-io/core/-/core-2.16.0.tgz",
      "integrity": "sha512-DYmSzkr+jToahwWrsiRA2/pzMEtz9Bq1euJwoOuYwuwIYXnZFtHajY2E6a1VNVDc9jP8YUXK1BvnZH9mmT19Zg=="
    },
    "node_modules/@date-io/date-fns": {
      "version": "2.16.0",
      "resolved": "https://registry.npmjs.org/@date-io/date-fns/-/date-fns-2.16.0.tgz",
      "integrity": "sha512-bfm5FJjucqlrnQcXDVU5RD+nlGmL3iWgkHTq3uAZWVIuBu6dDmGa3m8a6zo2VQQpu8ambq9H22UyUpn7590joA==",
      "dependencies": {
        "@date-io/core": "^2.16.0"
      },
      "peerDependencies": {
        "date-fns": "^2.0.0"
      },
      "peerDependenciesMeta": {
        "date-fns": {
          "optional": true
        }
      }
    },
    "node_modules/@date-io/moment": {
      "version": "2.16.1",
      "resolved": "https://registry.npmjs.org/@date-io/moment/-/moment-2.16.1.tgz",
      "integrity": "sha512-JkxldQxUqZBfZtsaCcCMkm/dmytdyq5pS1RxshCQ4fHhsvP5A7gSqPD22QbVXMcJydi3d3v1Y8BQdUKEuGACZQ==",
      "dependencies": {
        "@date-io/core": "^2.16.0"
      },
      "peerDependencies": {
        "moment": "^2.24.0"
      },
      "peerDependenciesMeta": {
        "moment": {
          "optional": true
        }
      }
    },
    "node_modules/commander": {
      "version": "2.20.3",
      "resolved": "https://registry.npmjs.org/commander/-/commander-2.20.3.tgz",
      "integrity": "sha512-GpVkmM8vF2vQUkj2LvZmD35JxeJOLCwJ9cUkugyk2nuhbv3+mJvpLYYt+0+USMxE+oj+ey/lJEnhZw75x/OMcQ=="
    },
    "node_modules/date-fns": {
      "version": "2.28.0",
      "resolved": "https://registry.npmjs.org/date-fns/-/date-fns-2.28.0.tgz",
      "integrity": "sha512-8d35hViGYx/QH0icHYCeLmsLmMUheMmTyV9Fcm6gvNwdw31yXXH+O85sOBJ+OLnLQMKZowvpKb6FgMIQjcpvQw==",
      "optional": true,
      "peer": true,
      "engines": {
        "node": ">=0.11"
      },
      "funding": {
        "type": "opencollective",
        "url": "https://opencollective.com/date-fns"
      }
    },
    "node_modules/lodash": {
      "version": "4.17.21",
      "resolved": "https://registry.npmjs.org/lodash/-/lodash-4.17.21.tgz",
      "integrity": "sha512-v2kDEe57lecTulaDIuNTPy3Ry4gLGJ6Z1O3vE1krgXZNrsQ+LFTGHVxVjcXPs17LhbZVGedAJv8XZ1tvj5FvSg=="
    },
    "node_modules/moment": {
      "version": "2.29.4",
      "resolved": "https://registry.npmjs.org/moment/-/moment-2.29.4.tgz",
      "integrity": "sha512-5LC9SOxjSc2HF6vO2CyuTDNivEdoz2IvyJJGj6X8DJ0eFyfszE0QiEd+iXmBvUP3WHxSjFH/vIsA0EN00cgr8w==",
      "optional": true,
      "peer": true,
      "engines": {
        "node": "*"
      }
    }
  },
  "dependencies": {
    "@date-io/core": {
      "version": "2.16.0",
      "resolved": "https://registry.npmjs.org/@date-io/core/-/core-2.16.0.tgz",
      "integrity": "sha512-DYmSzkr+jToahwWrsiRA2/pzMEtz9Bq1euJwoOuYwuwIYXnZFtHajY2E6a1VNVDc9jP8YUXK1BvnZH9mmT19Zg=="
    },
    "@date-io/date-fns": {
      "version": "2.16.0",
      "resolved": "https://registry.npmjs.org/@date-io/date-fns/-/date-fns-2.16.0.tgz",
      "integrity": "sha512-bfm5FJjucqlrnQcXDVU5RD+nlGmL3iWgkHTq3uAZWVIuBu6dDmGa3m8a6zo2VQQpu8ambq9H22UyUpn7590joA==",
      "requires": {
        "@date-io/core": "^2.16.0"
      }
    },
    "@date-io/moment": {
      "version": "2.16.1",
      "resolved": "https://registry.npmjs.org/@date-io/moment/-/moment-2.16.1.tgz",
      "integrity": "sha512-JkxldQxUqZBfZtsaCcCMkm/dmytdyq5pS1RxshCQ4fHhsvP5A7gSqPD22QbVXMcJydi3d3v1Y8BQdUKEuGACZQ==",
      "requires": {
        "@date-io/core": "^2.16.0"
      }
    },
    "commander": {
      "version": "2.20.3",
      "resolved": "https://registry.npmjs.org/commander/-/commander-2.20.3.tgz",
      "integrity": "sha512-GpVkmM8vF2vQUkj2LvZmD35JxeJOLCwJ9cUkugyk2nuhbv3+mJvpLYYt+0+USMxE+oj+ey/lJEnhZw75x/OMcQ=="
    },
    "date-fns": {
      "version": "2.28.0",
      "resolved": "https://registry.npmjs.org/date-fns/-/date-fns-2.28.0.tgz",
      "integrity": "sha512-8d35hViGYx/QH0icHYCeLmsLmMUheMmTyV9Fcm6gvNwdw31yXXH+O85sOBJ+OLnLQMKZowvpKb6FgMIQjcpvQw==",
      "optional": true,
      "peer": true
    },
    "lodash": {
      "version": "4.17.21",
      "resolved": "https://registry.npmjs.org/lodash/-/lodash-4.17.21.tgz",
      "integrity": "sha512-v2kDEe57lecTulaDIuNTPy3Ry4gLGJ6Z1O3vE1krgXZNrsQ+LFTGHVxVjcXPs17LhbZVGedAJv8XZ1tvj5FvSg=="
    },
    "moment": {
      "version": "2.29.4",
      "resolved": "https://registry.npmjs.org/moment/-/moment-2.29.4.tgz",
      "integrity": "sha512-5LC9SOxjSc2HF6vO2CyuTDNivEdoz2IvyJJGj6X8DJ0eFyfszE0QiEd+iXmBvUP3WHxSjFH/vIsA0EN00cgr8w==",
      "optional": true,
      "peer": true
    }
  }
}
